
Microsoft Visual Studio Solution File, Format Version 12.00
# Visual Studio Version 16
VisualStudioVersion = 16.0.29728.190
MinimumVisualStudioVersion = 10.0.40219.1
Project("{A0786B88-2ADB-4C21-ABE8-AA2D79766269}") = "Deliq_stranka", "..\..\..\..\..\Users\Adam\source\repos\Deliq_stranka\Deliq_stranka.phpproj", "{ED2D9982-F9C6-46AD-B997-3ED44B759580}"
EndProject
Global
	GlobalSection(SolutionConfigurationPlatforms) = preSolution
		Debug|Any CPU = Debug|Any CPU
		Release|Any CPU = Release|Any CPU
	EndGlobalSection
	GlobalSection(ProjectConfigurationPlatforms) = postSolution
		{ED2D9982-F9C6-46AD-B997-3ED44B759580}.Debug|Any CPU.ActiveCfg = Debug|Any CPU
		{ED2D9982-F9C6-46AD-B997-3ED44B759580}.Release|Any CPU.ActiveCfg = Release|Any CPU
	EndGlobalSection
	GlobalSection(SolutionProperties) = preSolution
		HideSolutionNode = FALSE
	EndGlobalSection
	GlobalSection(ExtensibilityGlobals) = postSolution
		SolutionGuid = {89DD29FB-5580-4AAE-9F58-F3A3F40944CC}
	EndGlobalSection
EndGlobal
